
Microsoft Visual Studio Solution File, Format Version 11.00
# Visual Studio 2010
Project("{FAE04EC0-301F-11D3-BF4B-00C04F79EFBC}") = "SMARTService", "SMARTService\SMARTService.csproj", "{25B65A52-07B8-412D-B3B6-50515783B10C}"
EndProject
Project("{FAE04EC0-301F-11D3-BF4B-00C04F79EFBC}") = "SMART", "..\SMART\SMART\SMART.csproj", "{E6DBAD2B-E2D4-4FB4-B599-4205374A4F82}"
EndProject
Global
	GlobalSection(SolutionConfigurationPlatforms) = preSolution
		Debug|Any CPU = Debug|Any CPU
		Debug|Mixed Platforms = Debug|Mixed Platforms
		Debug|x86 = Debug|x86
		Release|Any CPU = Release|Any CPU
		Release|Mixed Platforms = Release|Mixed Platforms
		Release|x86 = Release|x86
	EndGlobalSection
	GlobalSection(ProjectConfigurationPlatforms) = postSolution
		{25B65A52-07B8-412D-B3B6-50515783B10C}.Debug|Any CPU.ActiveCfg = Debug|x86
		{25B65A52-07B8-412D-B3B6-50515783B10C}.Debug|Mixed Platforms.ActiveCfg = Debug|x86
		{25B65A52-07B8-412D-B3B6-50515783B10C}.Debug|Mixed Platforms.Build.0 = Debug|x86
		{25B65A52-07B8-412D-B3B6-50515783B10C}.Debug|x86.ActiveCfg = Debug|x86
		{25B65A52-07B8-412D-B3B6-50515783B10C}.Debug|x86.Build.0 = Debug|x86
		{25B65A52-07B8-412D-B3B6-50515783B10C}.Release|Any CPU.ActiveCfg = Release|x86
		{25B65A52-07B8-412D-B3B6-50515783B10C}.Release|Mixed Platforms.ActiveCfg = Release|x86
		{25B65A52-07B8-412D-B3B6-50515783B10C}.Release|Mixed Platforms.Build.0 = Release|x86
		{25B65A52-07B8-412D-B3B6-50515783B10C}.Release|x86.ActiveCfg = Release|x86
		{25B65A52-07B8-412D-B3B6-50515783B10C}.Release|x86.Build.0 = Release|x86
		{E6DBAD2B-E2D4-4FB4-B599-4205374A4F82}.Debug|Any CPU.ActiveCfg = Debug|Any CPU
		{E6DBAD2B-E2D4-4FB4-B599-4205374A4F82}.Debug|Any CPU.Build.0 = Debug|Any CPU
		{E6DBAD2B-E2D4-4FB4-B599-4205374A4F82}.Debug|Mixed Platforms.ActiveCfg = Debug|Any CPU
		{E6DBAD2B-E2D4-4FB4-B599-4205374A4F82}.Debug|Mixed Platforms.Build.0 = Debug|Any CPU
		{E6DBAD2B-E2D4-4FB4-B599-4205374A4F82}.Debug|x86.ActiveCfg = Debug|Any CPU
		{E6DBAD2B-E2D4-4FB4-B599-4205374A4F82}.Release|Any CPU.ActiveCfg = Release|Any CPU
		{E6DBAD2B-E2D4-4FB4-B599-4205374A4F82}.Release|Any CPU.Build.0 = Release|Any CPU
		{E6DBAD2B-E2D4-4FB4-B599-4205374A4F82}.Release|Mixed Platforms.ActiveCfg = Release|Any CPU
		{E6DBAD2B-E2D4-4FB4-B599-4205374A4F82}.Release|Mixed Platforms.Build.0 = Release|Any CPU
		{E6DBAD2B-E2D4-4FB4-B599-4205374A4F82}.Release|x86.ActiveCfg = Release|Any CPU
	EndGlobalSection
	GlobalSection(SolutionProperties) = preSolution
		HideSolutionNode = FALSE
	EndGlobalSection
EndGlobal
